
Microsoft Visual Studio Solution File, Format Version 12.00
# Visual Studio Version 17
VisualStudioVersion = 17.3.32929.385
MinimumVisualStudioVersion = 10.0.40219.1
Project("{9A19103F-16F7-4668-BE54-9A1E7A4F7556}") = "MVC02_Views", "MVC02_Views\MVC02_Views.csproj", "{1149C806-5AD6-4F8C-996C-5ECD82A67AC6}"
EndProject
Project("{9A19103F-16F7-4668-BE54-9A1E7A4F7556}") = "02.RazorViewEngine", "02.RazorViewEngine\02.RazorViewEngine.csproj", "{269DFB08-0A46-4691-9517-6F674C037FCD}"
EndProject
Project("{9A19103F-16F7-4668-BE54-9A1E7A4F7556}") = "MVC01", "MVC01\MVC01.csproj", "{9DC020B1-321E-480D-B750-FD62AF4DD43C}"
EndProject
Project("{9A19103F-16F7-4668-BE54-9A1E7A4F7556}") = "03.Layouts", "03.Layouts\03.Layouts.csproj", "{1188176F-2C22-4086-B8AD-72394EB6307D}"
EndProject
Project("{9A19103F-16F7-4668-BE54-9A1E7A4F7556}") = "04.LayoutsBolumlu", "04.LayoutsBolumlu\04.LayoutsBolumlu.csproj", "{E10ACBCD-AF6A-4552-9F41-5FE6B57A4214}"
EndProject
Project("{9A19103F-16F7-4668-BE54-9A1E7A4F7556}") = "05.PartialView", "05.PartialView\05.PartialView.csproj", "{4A337A56-8967-497E-B7DF-8BE3F3C1328D}"
EndProject
Project("{9A19103F-16F7-4668-BE54-9A1E7A4F7556}") = "06.ViewBagViewData", "06.ViewBagViewData\06.ViewBagViewData.csproj", "{98CFE7AB-F957-43DF-A24D-4900D2B9DB42}"
EndProject
Project("{9A19103F-16F7-4668-BE54-9A1E7A4F7556}") = "DBFirst_EF", "DBFirst_EF\DBFirst_EF.csproj", "{EC6136F6-8F93-4213-9A18-97CE3F4213DE}"
EndProject
Project("{9A19103F-16F7-4668-BE54-9A1E7A4F7556}") = "TodoAPI", "TodoAPI\TodoAPI.csproj", "{1F20A33A-4A09-4C38-92DE-242094AD4484}"
EndProject
Global
	GlobalSection(SolutionConfigurationPlatforms) = preSolution
		Debug|Any CPU = Debug|Any CPU
		Release|Any CPU = Release|Any CPU
	EndGlobalSection
	GlobalSection(ProjectConfigurationPlatforms) = postSolution
		{1149C806-5AD6-4F8C-996C-5ECD82A67AC6}.Debug|Any CPU.ActiveCfg = Debug|Any CPU
		{1149C806-5AD6-4F8C-996C-5ECD82A67AC6}.Debug|Any CPU.Build.0 = Debug|Any CPU
		{1149C806-5AD6-4F8C-996C-5ECD82A67AC6}.Release|Any CPU.ActiveCfg = Release|Any CPU
		{1149C806-5AD6-4F8C-996C-5ECD82A67AC6}.Release|Any CPU.Build.0 = Release|Any CPU
		{269DFB08-0A46-4691-9517-6F674C037FCD}.Debug|Any CPU.ActiveCfg = Debug|Any CPU
		{269DFB08-0A46-4691-9517-6F674C037FCD}.Debug|Any CPU.Build.0 = Debug|Any CPU
		{269DFB08-0A46-4691-9517-6F674C037FCD}.Release|Any CPU.ActiveCfg = Release|Any CPU
		{269DFB08-0A46-4691-9517-6F674C037FCD}.Release|Any CPU.Build.0 = Release|Any CPU
		{9DC020B1-321E-480D-B750-FD62AF4DD43C}.Debug|Any CPU.ActiveCfg = Debug|Any CPU
		{9DC020B1-321E-480D-B750-FD62AF4DD43C}.Debug|Any CPU.Build.0 = Debug|Any CPU
		{9DC020B1-321E-480D-B750-FD62AF4DD43C}.Release|Any CPU.ActiveCfg = Release|Any CPU
		{9DC020B1-321E-480D-B750-FD62AF4DD43C}.Release|Any CPU.Build.0 = Release|Any CPU
		{1188176F-2C22-4086-B8AD-72394EB6307D}.Debug|Any CPU.ActiveCfg = Debug|Any CPU
		{1188176F-2C22-4086-B8AD-72394EB6307D}.Debug|Any CPU.Build.0 = Debug|Any CPU
		{1188176F-2C22-4086-B8AD-72394EB6307D}.Release|Any CPU.ActiveCfg = Release|Any CPU
		{1188176F-2C22-4086-B8AD-72394EB6307D}.Release|Any CPU.Build.0 = Release|Any CPU
		{E10ACBCD-AF6A-4552-9F41-5FE6B57A4214}.Debug|Any CPU.ActiveCfg = Debug|Any CPU
		{E10ACBCD-AF6A-4552-9F41-5FE6B57A4214}.Debug|Any CPU.Build.0 = Debug|Any CPU
		{E10ACBCD-AF6A-4552-9F41-5FE6B57A4214}.Release|Any CPU.ActiveCfg = Release|Any CPU
		{E10ACBCD-AF6A-4552-9F41-5FE6B57A4214}.Release|Any CPU.Build.0 = Release|Any CPU
		{4A337A56-8967-497E-B7DF-8BE3F3C1328D}.Debug|Any CPU.ActiveCfg = Debug|Any CPU
		{4A337A56-8967-497E-B7DF-8BE3F3C1328D}.Debug|Any CPU.Build.0 = Debug|Any CPU
		{4A337A56-8967-497E-B7DF-8BE3F3C1328D}.Release|Any CPU.ActiveCfg = Release|Any CPU
		{4A337A56-8967-497E-B7DF-8BE3F3C1328D}.Release|Any CPU.Build.0 = Release|Any CPU
		{98CFE7AB-F957-43DF-A24D-4900D2B9DB42}.Debug|Any CPU.ActiveCfg = Debug|Any CPU
		{98CFE7AB-F957-43DF-A24D-4900D2B9DB42}.Debug|Any CPU.Build.0 = Debug|Any CPU
		{98CFE7AB-F957-43DF-A24D-4900D2B9DB42}.Release|Any CPU.ActiveCfg = Release|Any CPU
		{98CFE7AB-F957-43DF-A24D-4900D2B9DB42}.Release|Any CPU.Build.0 = Release|Any CPU
		{EC6136F6-8F93-4213-9A18-97CE3F4213DE}.Debug|Any CPU.ActiveCfg = Debug|Any CPU
		{EC6136F6-8F93-4213-9A18-97CE3F4213DE}.Debug|Any CPU.Build.0 = Debug|Any CPU
		{EC6136F6-8F93-4213-9A18-97CE3F4213DE}.Release|Any CPU.ActiveCfg = Release|Any CPU
		{EC6136F6-8F93-4213-9A18-97CE3F4213DE}.Release|Any CPU.Build.0 = Release|Any CPU
		{1F20A33A-4A09-4C38-92DE-242094AD4484}.Debug|Any CPU.ActiveCfg = Debug|Any CPU
		{1F20A33A-4A09-4C38-92DE-242094AD4484}.Debug|Any CPU.Build.0 = Debug|Any CPU
		{1F20A33A-4A09-4C38-92DE-242094AD4484}.Release|Any CPU.ActiveCfg = Release|Any CPU
		{1F20A33A-4A09-4C38-92DE-242094AD4484}.Release|Any CPU.Build.0 = Release|Any CPU
	EndGlobalSection
	GlobalSection(SolutionProperties) = preSolution
		HideSolutionNode = FALSE
	EndGlobalSection
	GlobalSection(ExtensibilityGlobals) = postSolution
		SolutionGuid = {F70CFF7C-1560-4373-8165-65414007D79A}
	EndGlobalSection
EndGlobal
